
Microsoft Visual Studio Solution File, Format Version 12.00
# Visual Studio Version 17
VisualStudioVersion = 17.6.33829.357
MinimumVisualStudioVersion = 10.0.40219.1
Project("{FAE04EC0-301F-11D3-BF4B-00C04F79EFBC}") = "WebApiPeliculas", "WebApiPeliculas\WebApiPeliculas.csproj", "{B3673D21-41D8-40FD-8442-5B5E8EB450C6}"
EndProject
Global
	GlobalSection(SolutionConfigurationPlatforms) = preSolution
		Debug|Any CPU = Debug|Any CPU
		Release|Any CPU = Release|Any CPU
	EndGlobalSection
	GlobalSection(ProjectConfigurationPlatforms) = postSolution
		{B3673D21-41D8-40FD-8442-5B5E8EB450C6}.Debug|Any CPU.ActiveCfg = Debug|Any CPU
		{B3673D21-41D8-40FD-8442-5B5E8EB450C6}.Debug|Any CPU.Build.0 = Debug|Any CPU
		{B3673D21-41D8-40FD-8442-5B5E8EB450C6}.Release|Any CPU.ActiveCfg = Release|Any CPU
		{B3673D21-41D8-40FD-8442-5B5E8EB450C6}.Release|Any CPU.Build.0 = Release|Any CPU
	EndGlobalSection
	GlobalSection(SolutionProperties) = preSolution
		HideSolutionNode = FALSE
	EndGlobalSection
	GlobalSection(ExtensibilityGlobals) = postSolution
		SolutionGuid = {AB32AC8C-B246-45C9-BC13-4383273FBA8B}
	EndGlobalSection
EndGlobal
